
Microsoft Visual Studio Solution File, Format Version 12.00
# Visual Studio Version 16
VisualStudioVersion = 16.0.29020.237
MinimumVisualStudioVersion = 10.0.40219.1
Project("{FAE04EC0-301F-11D3-BF4B-00C04F79EFBC}") = "Capstone_Project", "Capstone_Project\Capstone_Project.csproj", "{97E55905-7BAE-460E-87C6-409E5215631D}"
EndProject
Global
	GlobalSection(SolutionConfigurationPlatforms) = preSolution
		Debug|Any CPU = Debug|Any CPU
		Release|Any CPU = Release|Any CPU
	EndGlobalSection
	GlobalSection(ProjectConfigurationPlatforms) = postSolution
		{97E55905-7BAE-460E-87C6-409E5215631D}.Debug|Any CPU.ActiveCfg = Debug|Any CPU
		{97E55905-7BAE-460E-87C6-409E5215631D}.Debug|Any CPU.Build.0 = Debug|Any CPU
		{97E55905-7BAE-460E-87C6-409E5215631D}.Release|Any CPU.ActiveCfg = Release|Any CPU
		{97E55905-7BAE-460E-87C6-409E5215631D}.Release|Any CPU.Build.0 = Release|Any CPU
	EndGlobalSection
	GlobalSection(SolutionProperties) = preSolution
		HideSolutionNode = FALSE
	EndGlobalSection
	GlobalSection(ExtensibilityGlobals) = postSolution
		SolutionGuid = {E8345688-8066-4510-9A34-0DB37C30331D}
	EndGlobalSection
EndGlobal
